// !$*UTF8*$!
{
	archiveVersion = 1;
	classes = {
	};
	objectVersion = 46;
	objects = {

/* Begin PBXBuildFile section */
		020E5AD71AD6A95B00C6342D /* Calendar+VFDaily.m in Sources */ = {isa = PBXBuildFile; fileRef = 020E5A541AD6A95B00C6342D /* Calendar+VFDaily.m */; };
		020E5AD81AD6A95B00C6342D /* Calendar.m in Sources */ = {isa = PBXBuildFile; fileRef = 020E5A561AD6A95B00C6342D /* Calendar.m */; };
		020E5AD91AD6A95B00C6342D /* EKCalendar+VFDaily.m in Sources */ = {isa = PBXBuildFile; fileRef = 020E5A581AD6A95B00C6342D /* EKCalendar+VFDaily.m */; };
		020E5ADB1AD6A95B00C6342D /* Todo+Extended.m in Sources */ = {isa = PBXBuildFile; fileRef = 020E5A5F1AD6A95B00C6342D /* Todo+Extended.m */; };
		020E5ADC1AD6A95B00C6342D /* Todo.m in Sources */ = {isa = PBXBuildFile; fileRef = 020E5A611AD6A95B00C6342D /* Todo.m */; };
		020E5ADD1AD6A95B00C6342D /* TodoEventAPI.m in Sources */ = {isa = PBXBuildFile; fileRef = 020E5A631AD6A95B00C6342D /* TodoEventAPI.m */; };
		020E5ADE1AD6A95B00C6342D /* AppDelegate.m in Sources */ = {isa = PBXBuildFile; fileRef = 020E5A651AD6A95B00C6342D /* AppDelegate.m */; };
		020E5ADF1AD6A95B00C6342D /* NSDateFormatter+Extended.m in Sources */ = {isa = PBXBuildFile; fileRef = 020E5A681AD6A95B00C6342D /* NSDateFormatter+Extended.m */; };
		020E5AE01AD6A95B00C6342D /* NSUserDefaults+DLY.m in Sources */ = {isa = PBXBuildFile; fileRef = 020E5A6A1AD6A95B00C6342D /* NSUserDefaults+DLY.m */; };
		020E5AE11AD6A95B00C6342D /* UIAlertController+DeleteTodoEvent.m in Sources */ = {isa = PBXBuildFile; fileRef = 020E5A6C1AD6A95B00C6342D /* UIAlertController+DeleteTodoEvent.m */; };
		020E5AE21AD6A95B00C6342D /* UIImage+Tint.m in Sources */ = {isa = PBXBuildFile; fileRef = 020E5A6E1AD6A95B00C6342D /* UIImage+Tint.m */; };
		020E5AE41AD6A95B00C6342D /* TodoEvent.m in Sources */ = {isa = PBXBuildFile; fileRef = 020E5A731AD6A95B00C6342D /* TodoEvent.m */; };
		020E5AE51AD6A95B00C6342D /* CrashlyticsService.m in Sources */ = {isa = PBXBuildFile; fileRef = 020E5A761AD6A95B00C6342D /* CrashlyticsService.m */; };
		020E5AE61AD6A95B00C6342D /* MagicalRecordService.m in Sources */ = {isa = PBXBuildFile; fileRef = 020E5A781AD6A95B00C6342D /* MagicalRecordService.m */; };
		020E5AE71AD6A95B00C6342D /* MigrationService.m in Sources */ = {isa = PBXBuildFile; fileRef = 020E5A7A1AD6A95B00C6342D /* MigrationService.m */; };
		020E5AE81AD6A95B00C6342D /* UserDefaultsService.m in Sources */ = {isa = PBXBuildFile; fileRef = 020E5A7C1AD6A95B00C6342D /* UserDefaultsService.m */; };
		020E5AEA1AD6A95B00C6342D /* AddViewController.m in Sources */ = {isa = PBXBuildFile; fileRef = 020E5A821AD6A95B00C6342D /* AddViewController.m */; };
		020E5AEB1AD6A95B00C6342D /* ApplicationViewController.m in Sources */ = {isa = PBXBuildFile; fileRef = 020E5A841AD6A95B00C6342D /* ApplicationViewController.m */; };
		020E5AEC1AD6A95B00C6342D /* DetailViewController.m in Sources */ = {isa = PBXBuildFile; fileRef = 020E5A861AD6A95B00C6342D /* DetailViewController.m */; };
		020E5AEE1AD6A95B00C6342D /* MainViewController.m in Sources */ = {isa = PBXBuildFile; fileRef = 020E5A8A1AD6A95B00C6342D /* MainViewController.m */; };
		020E5AEF1AD6A95B00C6342D /* SettingsViewController.m in Sources */ = {isa = PBXBuildFile; fileRef = 020E5A8C1AD6A95B00C6342D /* SettingsViewController.m */; };
		020E5AF01AD6A95B00C6342D /* SignupViewController.m in Sources */ = {isa = PBXBuildFile; fileRef = 020E5A8E1AD6A95B00C6342D /* SignupViewController.m */; };
		020E5AF21AD6A95B00C6342D /* TodoEventViewModel.m in Sources */ = {isa = PBXBuildFile; fileRef = 020E5A931AD6A95B00C6342D /* TodoEventViewModel.m */; };
		020E5AF31AD6A95B00C6342D /* DateHeaderView.m in Sources */ = {isa = PBXBuildFile; fileRef = 020E5A961AD6A95B00C6342D /* DateHeaderView.m */; };
		020E5AF41AD6A95B00C6342D /* DetailTableViewCell.m in Sources */ = {isa = PBXBuildFile; fileRef = 020E5A981AD6A95B00C6342D /* DetailTableViewCell.m */; };
		020E5AF51AD6A95B00C6342D /* FloatingButton.m in Sources */ = {isa = PBXBuildFile; fileRef = 020E5A9A1AD6A95B00C6342D /* FloatingButton.m */; };
		020E5AF61AD6A95B00C6342D /* LSWeekView.m in Sources */ = {isa = PBXBuildFile; fileRef = 020E5A9C1AD6A95B00C6342D /* LSWeekView.m */; };
		020E5AF71AD6A95B00C6342D /* TextFieldTableViewCell.m in Sources */ = {isa = PBXBuildFile; fileRef = 020E5A9E1AD6A95B00C6342D /* TextFieldTableViewCell.m */; };
		020E5AF81AD6A95B00C6342D /* TodoEventTableViewCell.m in Sources */ = {isa = PBXBuildFile; fileRef = 020E5AA01AD6A95B00C6342D /* TodoEventTableViewCell.m */; };
		020E5AFE1AD6A95B00C6342D /* NSArray+VIKKit.m in Sources */ = {isa = PBXBuildFile; fileRef = 020E5AB41AD6A95B00C6342D /* NSArray+VIKKit.m */; };
		020E5AFF1AD6A95B00C6342D /* NSDate+VIKKit.m in Sources */ = {isa = PBXBuildFile; fileRef = 020E5AB61AD6A95B00C6342D /* NSDate+VIKKit.m */; };
		020E5B001AD6A95B00C6342D /* NSString+VIKKit.m in Sources */ = {isa = PBXBuildFile; fileRef = 020E5AB81AD6A95B00C6342D /* NSString+VIKKit.m */; };
		020E5B011AD6A95B00C6342D /* UIColor+VIKKit.m in Sources */ = {isa = PBXBuildFile; fileRef = 020E5ABA1AD6A95B00C6342D /* UIColor+VIKKit.m */; };
		020E5B021AD6A95B00C6342D /* NSManagedObject+VIKKit.m in Sources */ = {isa = PBXBuildFile; fileRef = 020E5ABD1AD6A95B00C6342D /* NSManagedObject+VIKKit.m */; };
		020E5B031AD6A95B00C6342D /* UIImageView+VIKKit.m in Sources */ = {isa = PBXBuildFile; fileRef = 020E5AC01AD6A95B00C6342D /* UIImageView+VIKKit.m */; };
		020E5B041AD6A95B00C6342D /* UITableViewController+VIKKit.m in Sources */ = {isa = PBXBuildFile; fileRef = 020E5AC21AD6A95B00C6342D /* UITableViewController+VIKKit.m */; };
		020E5B051AD6A95B00C6342D /* UIView+VIKKit.m in Sources */ = {isa = PBXBuildFile; fileRef = 020E5AC41AD6A95B00C6342D /* UIView+VIKKit.m */; };
		020E5B071AD6A95B00C6342D /* main.m in Sources */ = {isa = PBXBuildFile; fileRef = 020E5ACB1AD6A95B00C6342D /* main.m */; };
		020E5B081AD6A95B00C6342D /* InfoPlist.strings in Resources */ = {isa = PBXBuildFile; fileRef = 020E5ACD1AD6A95B00C6342D /* InfoPlist.strings */; };
		020E5B091AD6A95B00C6342D /* Images.xcassets in Resources */ = {isa = PBXBuildFile; fileRef = 020E5ACF1AD6A95B00C6342D /* Images.xcassets */; };
		020E5B0A1AD6A95B00C6342D /* LaunchScreen.storyboard in Resources */ = {isa = PBXBuildFile; fileRef = 020E5AD01AD6A95B00C6342D /* LaunchScreen.storyboard */; };
		020E5B0B1AD6A95B00C6342D /* Onboard_iPhone.storyboard in Resources */ = {isa = PBXBuildFile; fileRef = 020E5AD11AD6A95B00C6342D /* Onboard_iPhone.storyboard */; };
		020E5B0C1AD6A95B00C6342D /* store.xcdatamodeld in Sources */ = {isa = PBXBuildFile; fileRef = 020E5AD21AD6A95B00C6342D /* store.xcdatamodeld */; };
		021903C91AE10BB5007B3E0E /* DetailValue.m in Sources */ = {isa = PBXBuildFile; fileRef = 021903C81AE10BB5007B3E0E /* DetailValue.m */; };
		021903CC1AE14C53007B3E0E /* EditableTimeViewController.m in Sources */ = {isa = PBXBuildFile; fileRef = 021903CB1AE14C53007B3E0E /* EditableTimeViewController.m */; };
		021CBD121ADD04B500B00F21 /* EditableTextViewController.m in Sources */ = {isa = PBXBuildFile; fileRef = 021CBD111ADD04B500B00F21 /* EditableTextViewController.m */; };
		0229C5F71AEE44C500861F66 /* NSDictionary+VIKKit.m in Sources */ = {isa = PBXBuildFile; fileRef = 0229C5F61AEE44C500861F66 /* NSDictionary+VIKKit.m */; };
		0229C5FB1AEE692A00861F66 /* MTLModel+VIKKit.m in Sources */ = {isa = PBXBuildFile; fileRef = 0229C5FA1AEE692A00861F66 /* MTLModel+VIKKit.m */; };
		0230CC59199DC6CF004D7713 /* Foundation.framework in Frameworks */ = {isa = PBXBuildFile; fileRef = 0230CC58199DC6CF004D7713 /* Foundation.framework */; };
		0230CC5B199DC6CF004D7713 /* CoreGraphics.framework in Frameworks */ = {isa = PBXBuildFile; fileRef = 0230CC5A199DC6CF004D7713 /* CoreGraphics.framework */; };
		0230CC5D199DC6CF004D7713 /* UIKit.framework in Frameworks */ = {isa = PBXBuildFile; fileRef = 0230CC5C199DC6CF004D7713 /* UIKit.framework */; };
		0230CC95199DC7BE004D7713 /* EventKit.framework in Frameworks */ = {isa = PBXBuildFile; fileRef = 0230CC93199DC7BE004D7713 /* EventKit.framework */; };
		0230CC96199DC7BE004D7713 /* EventKitUI.framework in Frameworks */ = {isa = PBXBuildFile; fileRef = 0230CC94199DC7BE004D7713 /* EventKitUI.framework */; };
		0265EC331A3074C800334388 /* Crashlytics.framework in Frameworks */ = {isa = PBXBuildFile; fileRef = 0265EC321A3074C800334388 /* Crashlytics.framework */; };
		029B22E819A4E0F100CC5EDC /* CoreData.framework in Frameworks */ = {isa = PBXBuildFile; fileRef = 029B22E719A4E0F100CC5EDC /* CoreData.framework */; };
		029B22F619A63FC800CC5EDC /* MessageUI.framework in Frameworks */ = {isa = PBXBuildFile; fileRef = 029B22F519A63FC800CC5EDC /* MessageUI.framework */; };
		02C47C591AE441C400D8A330 /* ListViewController.m in Sources */ = {isa = PBXBuildFile; fileRef = 02C47C581AE441C400D8A330 /* ListViewController.m */; };
		02C47C651AE51DE800D8A330 /* .gitkeep in Resources */ = {isa = PBXBuildFile; fileRef = 02C47C5E1AE51DE800D8A330 /* .gitkeep */; };
		02C47C661AE51DE800D8A330 /* ArrayChange.m in Sources */ = {isa = PBXBuildFile; fileRef = 02C47C601AE51DE800D8A330 /* ArrayChange.m */; };
		02C47C671AE51DE800D8A330 /* NSArray+Changes.m in Sources */ = {isa = PBXBuildFile; fileRef = 02C47C621AE51DE800D8A330 /* NSArray+Changes.m */; };
		02C47C751AE5935100D8A330 /* UIViewController+VIKKit.m in Sources */ = {isa = PBXBuildFile; fileRef = 02C47C741AE5935100D8A330 /* UIViewController+VIKKit.m */; };
		02C47C7E1AE714B100D8A330 /* NSNumber+VIKKit.m in Sources */ = {isa = PBXBuildFile; fileRef = 02C47C7D1AE714B100D8A330 /* NSNumber+VIKKit.m */; };
		5570820603D4AC8CDEC33ED5 /* libPods.a in Frameworks */ = {isa = PBXBuildFile; fileRef = C5B66A7B5565A6B90E230991 /* libPods.a */; };
/* End PBXBuildFile section */

/* Begin PBXFileReference section */
		020E5A531AD6A95B00C6342D /* Calendar+VFDaily.h */ = {isa = PBXFileReference; fileEncoding = 4; lastKnownFileType = sourcecode.c.h; path = "Calendar+VFDaily.h"; sourceTree = "<group>"; };
		020E5A541AD6A95B00C6342D /* Calendar+VFDaily.m */ = {isa = PBXFileReference; fileEncoding = 4; lastKnownFileType = sourcecode.c.objc; path = "Calendar+VFDaily.m"; sourceTree = "<group>"; };
		020E5A551AD6A95B00C6342D /* Calendar.h */ = {isa = PBXFileReference; fileEncoding = 4; lastKnownFileType = sourcecode.c.h; path = Calendar.h; sourceTree = "<group>"; };
		020E5A561AD6A95B00C6342D /* Calendar.m */ = {isa = PBXFileReference; fileEncoding = 4; lastKnownFileType = sourcecode.c.objc; path = Calendar.m; sourceTree = "<group>"; };
		020E5A571AD6A95B00C6342D /* EKCalendar+VFDaily.h */ = {isa = PBXFileReference; fileEncoding = 4; lastKnownFileType = sourcecode.c.h; path = "EKCalendar+VFDaily.h"; sourceTree = "<group>"; };
		020E5A581AD6A95B00C6342D /* EKCalendar+VFDaily.m */ = {isa = PBXFileReference; fileEncoding = 4; lastKnownFileType = sourcecode.c.objc; path = "EKCalendar+VFDaily.m"; sourceTree = "<group>"; };
		020E5A5E1AD6A95B00C6342D /* Todo+Extended.h */ = {isa = PBXFileReference; fileEncoding = 4; lastKnownFileType = sourcecode.c.h; name = "Todo+Extended.h"; path = "../API/CoreData/Todo+Extended.h"; sourceTree = "<group>"; };
		020E5A5F1AD6A95B00C6342D /* Todo+Extended.m */ = {isa = PBXFileReference; fileEncoding = 4; lastKnownFileType = sourcecode.c.objc; name = "Todo+Extended.m"; path = "../API/CoreData/Todo+Extended.m"; sourceTree = "<group>"; };
		020E5A601AD6A95B00C6342D /* Todo.h */ = {isa = PBXFileReference; fileEncoding = 4; lastKnownFileType = sourcecode.c.h; name = Todo.h; path = ../API/CoreData/Todo.h; sourceTree = "<group>"; };
		020E5A611AD6A95B00C6342D /* Todo.m */ = {isa = PBXFileReference; fileEncoding = 4; lastKnownFileType = sourcecode.c.objc; name = Todo.m; path = ../API/CoreData/Todo.m; sourceTree = "<group>"; };
		020E5A621AD6A95B00C6342D /* TodoEventAPI.h */ = {isa = PBXFileReference; fileEncoding = 4; lastKnownFileType = sourcecode.c.h; path = TodoEventAPI.h; sourceTree = "<group>"; };
		020E5A631AD6A95B00C6342D /* TodoEventAPI.m */ = {isa = PBXFileReference; fileEncoding = 4; lastKnownFileType = sourcecode.c.objc; path = TodoEventAPI.m; sourceTree = "<group>"; };
		020E5A641AD6A95B00C6342D /* AppDelegate.h */ = {isa = PBXFileReference; fileEncoding = 4; lastKnownFileType = sourcecode.c.h; name = AppDelegate.h; path = ../AppDelegate.h; sourceTree = "<group>"; };
		020E5A651AD6A95B00C6342D /* AppDelegate.m */ = {isa = PBXFileReference; fileEncoding = 4; lastKnownFileType = sourcecode.c.objc; name = AppDelegate.m; path = ../AppDelegate.m; sourceTree = "<group>"; };
		020E5A671AD6A95B00C6342D /* NSDateFormatter+Extended.h */ = {isa = PBXFileReference; fileEncoding = 4; lastKnownFileType = sourcecode.c.h; path = "NSDateFormatter+Extended.h"; sourceTree = "<group>"; };
		020E5A681AD6A95B00C6342D /* NSDateFormatter+Extended.m */ = {isa = PBXFileReference; fileEncoding = 4; lastKnownFileType = sourcecode.c.objc; path = "NSDateFormatter+Extended.m"; sourceTree = "<group>"; };
		020E5A691AD6A95B00C6342D /* NSUserDefaults+DLY.h */ = {isa = PBXFileReference; fileEncoding = 4; lastKnownFileType = sourcecode.c.h; path = "NSUserDefaults+DLY.h"; sourceTree = "<group>"; };
		020E5A6A1AD6A95B00C6342D /* NSUserDefaults+DLY.m */ = {isa = PBXFileReference; fileEncoding = 4; lastKnownFileType = sourcecode.c.objc; path = "NSUserDefaults+DLY.m"; sourceTree = "<group>"; };
		020E5A6B1AD6A95B00C6342D /* UIAlertController+DeleteTodoEvent.h */ = {isa = PBXFileReference; fileEncoding = 4; lastKnownFileType = sourcecode.c.h; path = "UIAlertController+DeleteTodoEvent.h"; sourceTree = "<group>"; };
		020E5A6C1AD6A95B00C6342D /* UIAlertController+DeleteTodoEvent.m */ = {isa = PBXFileReference; fileEncoding = 4; lastKnownFileType = sourcecode.c.objc; path = "UIAlertController+DeleteTodoEvent.m"; sourceTree = "<group>"; };
		020E5A6D1AD6A95B00C6342D /* UIImage+Tint.h */ = {isa = PBXFileReference; fileEncoding = 4; lastKnownFileType = sourcecode.c.h; path = "UIImage+Tint.h"; sourceTree = "<group>"; };
		020E5A6E1AD6A95B00C6342D /* UIImage+Tint.m */ = {isa = PBXFileReference; fileEncoding = 4; lastKnownFileType = sourcecode.c.objc; path = "UIImage+Tint.m"; sourceTree = "<group>"; };
		020E5A721AD6A95B00C6342D /* TodoEvent.h */ = {isa = PBXFileReference; fileEncoding = 4; lastKnownFileType = sourcecode.c.h; name = TodoEvent.h; path = ../Models/TodoEvent.h; sourceTree = "<group>"; };
		020E5A731AD6A95B00C6342D /* TodoEvent.m */ = {isa = PBXFileReference; fileEncoding = 4; lastKnownFileType = sourcecode.c.objc; name = TodoEvent.m; path = ../Models/TodoEvent.m; sourceTree = "<group>"; };
		020E5A751AD6A95B00C6342D /* CrashlyticsService.h */ = {isa = PBXFileReference; fileEncoding = 4; lastKnownFileType = sourcecode.c.h; path = CrashlyticsService.h; sourceTree = "<group>"; };
		020E5A761AD6A95B00C6342D /* CrashlyticsService.m */ = {isa = PBXFileReference; fileEncoding = 4; lastKnownFileType = sourcecode.c.objc; path = CrashlyticsService.m; sourceTree = "<group>"; };
		020E5A771AD6A95B00C6342D /* MagicalRecordService.h */ = {isa = PBXFileReference; fileEncoding = 4; lastKnownFileType = sourcecode.c.h; path = MagicalRecordService.h; sourceTree = "<group>"; };
		020E5A781AD6A95B00C6342D /* MagicalRecordService.m */ = {isa = PBXFileReference; fileEncoding = 4; lastKnownFileType = sourcecode.c.objc; path = MagicalRecordService.m; sourceTree = "<group>"; };
		020E5A791AD6A95B00C6342D /* MigrationService.h */ = {isa = PBXFileReference; fileEncoding = 4; lastKnownFileType = sourcecode.c.h; path = MigrationService.h; sourceTree = "<group>"; };
		020E5A7A1AD6A95B00C6342D /* MigrationService.m */ = {isa = PBXFileReference; fileEncoding = 4; lastKnownFileType = sourcecode.c.objc; path = MigrationService.m; sourceTree = "<group>"; };
		020E5A7B1AD6A95B00C6342D /* UserDefaultsService.h */ = {isa = PBXFileReference; fileEncoding = 4; lastKnownFileType = sourcecode.c.h; path = UserDefaultsService.h; sourceTree = "<group>"; };
		020E5A7C1AD6A95B00C6342D /* UserDefaultsService.m */ = {isa = PBXFileReference; fileEncoding = 4; lastKnownFileType = sourcecode.c.objc; path = UserDefaultsService.m; sourceTree = "<group>"; };
		020E5A811AD6A95B00C6342D /* AddViewController.h */ = {isa = PBXFileReference; fileEncoding = 4; lastKnownFileType = sourcecode.c.h; path = AddViewController.h; sourceTree = "<group>"; };
		020E5A821AD6A95B00C6342D /* AddViewController.m */ = {isa = PBXFileReference; fileEncoding = 4; lastKnownFileType = sourcecode.c.objc; path = AddViewController.m; sourceTree = "<group>"; };
		020E5A831AD6A95B00C6342D /* ApplicationViewController.h */ = {isa = PBXFileReference; fileEncoding = 4; lastKnownFileType = sourcecode.c.h; path = ApplicationViewController.h; sourceTree = "<group>"; };
		020E5A841AD6A95B00C6342D /* ApplicationViewController.m */ = {isa = PBXFileReference; fileEncoding = 4; lastKnownFileType = sourcecode.c.objc; path = ApplicationViewController.m; sourceTree = "<group>"; };
		020E5A851AD6A95B00C6342D /* DetailViewController.h */ = {isa = PBXFileReference; fileEncoding = 4; lastKnownFileType = sourcecode.c.h; path = DetailViewController.h; sourceTree = "<group>"; };
		020E5A861AD6A95B00C6342D /* DetailViewController.m */ = {isa = PBXFileReference; fileEncoding = 4; lastKnownFileType = sourcecode.c.objc; path = DetailViewController.m; sourceTree = "<group>"; };
		020E5A891AD6A95B00C6342D /* MainViewController.h */ = {isa = PBXFileReference; fileEncoding = 4; lastKnownFileType = sourcecode.c.h; path = MainViewController.h; sourceTree = "<group>"; };
		020E5A8A1AD6A95B00C6342D /* MainViewController.m */ = {isa = PBXFileReference; fileEncoding = 4; lastKnownFileType = sourcecode.c.objc; path = MainViewController.m; sourceTree = "<group>"; };
		020E5A8B1AD6A95B00C6342D /* SettingsViewController.h */ = {isa = PBXFileReference; fileEncoding = 4; lastKnownFileType = sourcecode.c.h; path = SettingsViewController.h; sourceTree = "<group>"; };
		020E5A8C1AD6A95B00C6342D /* SettingsViewController.m */ = {isa = PBXFileReference; fileEncoding = 4; lastKnownFileType = sourcecode.c.objc; path = SettingsViewController.m; sourceTree = "<group>"; };
		020E5A8D1AD6A95B00C6342D /* SignupViewController.h */ = {isa = PBXFileReference; fileEncoding = 4; lastKnownFileType = sourcecode.c.h; path = SignupViewController.h; sourceTree = "<group>"; };
		020E5A8E1AD6A95B00C6342D /* SignupViewController.m */ = {isa = PBXFileReference; fileEncoding = 4; lastKnownFileType = sourcecode.c.objc; path = SignupViewController.m; sourceTree = "<group>"; };
		020E5A921AD6A95B00C6342D /* TodoEventViewModel.h */ = {isa = PBXFileReference; fileEncoding = 4; lastKnownFileType = sourcecode.c.h; name = TodoEventViewModel.h; path = "View Models/TodoEventViewModel.h"; sourceTree = "<group>"; };
		020E5A931AD6A95B00C6342D /* TodoEventViewModel.m */ = {isa = PBXFileReference; fileEncoding = 4; lastKnownFileType = sourcecode.c.objc; name = TodoEventViewModel.m; path = "View Models/TodoEventViewModel.m"; sourceTree = "<group>"; };
		020E5A951AD6A95B00C6342D /* DateHeaderView.h */ = {isa = PBXFileReference; fileEncoding = 4; lastKnownFileType = sourcecode.c.h; path = DateHeaderView.h; sourceTree = "<group>"; };
		020E5A961AD6A95B00C6342D /* DateHeaderView.m */ = {isa = PBXFileReference; fileEncoding = 4; lastKnownFileType = sourcecode.c.objc; path = DateHeaderView.m; sourceTree = "<group>"; };
		020E5A971AD6A95B00C6342D /* DetailTableViewCell.h */ = {isa = PBXFileReference; fileEncoding = 4; lastKnownFileType = sourcecode.c.h; path = DetailTableViewCell.h; sourceTree = "<group>"; };
		020E5A981AD6A95B00C6342D /* DetailTableViewCell.m */ = {isa = PBXFileReference; fileEncoding = 4; lastKnownFileType = sourcecode.c.objc; path = DetailTableViewCell.m; sourceTree = "<group>"; };
		020E5A991AD6A95B00C6342D /* FloatingButton.h */ = {isa = PBXFileReference; fileEncoding = 4; lastKnownFileType = sourcecode.c.h; path = FloatingButton.h; sourceTree = "<group>"; };
		020E5A9A1AD6A95B00C6342D /* FloatingButton.m */ = {isa = PBXFileReference; fileEncoding = 4; lastKnownFileType = sourcecode.c.objc; path = FloatingButton.m; sourceTree = "<group>"; };
		020E5A9B1AD6A95B00C6342D /* LSWeekView.h */ = {isa = PBXFileReference; fileEncoding = 4; lastKnownFileType = sourcecode.c.h; path = LSWeekView.h; sourceTree = "<group>"; };
		020E5A9C1AD6A95B00C6342D /* LSWeekView.m */ = {isa = PBXFileReference; fileEncoding = 4; lastKnownFileType = sourcecode.c.objc; path = LSWeekView.m; sourceTree = "<group>"; };
		020E5A9D1AD6A95B00C6342D /* TextFieldTableViewCell.h */ = {isa = PBXFileReference; fileEncoding = 4; lastKnownFileType = sourcecode.c.h; path = TextFieldTableViewCell.h; sourceTree = "<group>"; };
		020E5A9E1AD6A95B00C6342D /* TextFieldTableViewCell.m */ = {isa = PBXFileReference; fileEncoding = 4; lastKnownFileType = sourcecode.c.objc; path = TextFieldTableViewCell.m; sourceTree = "<group>"; };
		020E5A9F1AD6A95B00C6342D /* TodoEventTableViewCell.h */ = {isa = PBXFileReference; fileEncoding = 4; lastKnownFileType = sourcecode.c.h; path = TodoEventTableViewCell.h; sourceTree = "<group>"; };
		020E5AA01AD6A95B00C6342D /* TodoEventTableViewCell.m */ = {isa = PBXFileReference; fileEncoding = 4; lastKnownFileType = sourcecode.c.objc; path = TodoEventTableViewCell.m; sourceTree = "<group>"; };
		020E5AB31AD6A95B00C6342D /* NSArray+VIKKit.h */ = {isa = PBXFileReference; fileEncoding = 4; lastKnownFileType = sourcecode.c.h; path = "NSArray+VIKKit.h"; sourceTree = "<group>"; };
		020E5AB41AD6A95B00C6342D /* NSArray+VIKKit.m */ = {isa = PBXFileReference; fileEncoding = 4; lastKnownFileType = sourcecode.c.objc; path = "NSArray+VIKKit.m"; sourceTree = "<group>"; };
		020E5AB51AD6A95B00C6342D /* NSDate+VIKKit.h */ = {isa = PBXFileReference; fileEncoding = 4; lastKnownFileType = sourcecode.c.h; path = "NSDate+VIKKit.h"; sourceTree = "<group>"; };
		020E5AB61AD6A95B00C6342D /* NSDate+VIKKit.m */ = {isa = PBXFileReference; fileEncoding = 4; lastKnownFileType = sourcecode.c.objc; path = "NSDate+VIKKit.m"; sourceTree = "<group>"; };
		020E5AB71AD6A95B00C6342D /* NSString+VIKKit.h */ = {isa = PBXFileReference; fileEncoding = 4; lastKnownFileType = sourcecode.c.h; path = "NSString+VIKKit.h"; sourceTree = "<group>"; };
		020E5AB81AD6A95B00C6342D /* NSString+VIKKit.m */ = {isa = PBXFileReference; fileEncoding = 4; lastKnownFileType = sourcecode.c.objc; path = "NSString+VIKKit.m"; sourceTree = "<group>"; };
		020E5AB91AD6A95B00C6342D /* UIColor+VIKKit.h */ = {isa = PBXFileReference; fileEncoding = 4; lastKnownFileType = sourcecode.c.h; path = "UIColor+VIKKit.h"; sourceTree = "<group>"; };
		020E5ABA1AD6A95B00C6342D /* UIColor+VIKKit.m */ = {isa = PBXFileReference; fileEncoding = 4; lastKnownFileType = sourcecode.c.objc; path = "UIColor+VIKKit.m"; sourceTree = "<group>"; };
		020E5ABC1AD6A95B00C6342D /* NSManagedObject+VIKKit.h */ = {isa = PBXFileReference; fileEncoding = 4; lastKnownFileType = sourcecode.c.h; path = "NSManagedObject+VIKKit.h"; sourceTree = "<group>"; };
		020E5ABD1AD6A95B00C6342D /* NSManagedObject+VIKKit.m */ = {isa = PBXFileReference; fileEncoding = 4; lastKnownFileType = sourcecode.c.objc; path = "NSManagedObject+VIKKit.m"; sourceTree = "<group>"; };
		020E5ABF1AD6A95B00C6342D /* UIImageView+VIKKit.h */ = {isa = PBXFileReference; fileEncoding = 4; lastKnownFileType = sourcecode.c.h; path = "UIImageView+VIKKit.h"; sourceTree = "<group>"; };
		020E5AC01AD6A95B00C6342D /* UIImageView+VIKKit.m */ = {isa = PBXFileReference; fileEncoding = 4; lastKnownFileType = sourcecode.c.objc; path = "UIImageView+VIKKit.m"; sourceTree = "<group>"; };
		020E5AC11AD6A95B00C6342D /* UITableViewController+VIKKit.h */ = {isa = PBXFileReference; fileEncoding = 4; lastKnownFileType = sourcecode.c.h; path = "UITableViewController+VIKKit.h"; sourceTree = "<group>"; };
		020E5AC21AD6A95B00C6342D /* UITableViewController+VIKKit.m */ = {isa = PBXFileReference; fileEncoding = 4; lastKnownFileType = sourcecode.c.objc; path = "UITableViewController+VIKKit.m"; sourceTree = "<group>"; };
		020E5AC31AD6A95B00C6342D /* UIView+VIKKit.h */ = {isa = PBXFileReference; fileEncoding = 4; lastKnownFileType = sourcecode.c.h; path = "UIView+VIKKit.h"; sourceTree = "<group>"; };
		020E5AC41AD6A95B00C6342D /* UIView+VIKKit.m */ = {isa = PBXFileReference; fileEncoding = 4; lastKnownFileType = sourcecode.c.objc; path = "UIView+VIKKit.m"; sourceTree = "<group>"; };
		020E5AC51AD6A95B00C6342D /* VIKKit+Foundation.h */ = {isa = PBXFileReference; fileEncoding = 4; lastKnownFileType = sourcecode.c.h; path = "VIKKit+Foundation.h"; sourceTree = "<group>"; };
		020E5AC61AD6A95B00C6342D /* VIKKit+MagicalRecord.h */ = {isa = PBXFileReference; fileEncoding = 4; lastKnownFileType = sourcecode.c.h; path = "VIKKit+MagicalRecord.h"; sourceTree = "<group>"; };
		020E5AC71AD6A95B00C6342D /* VIKKit+UIKit.h */ = {isa = PBXFileReference; fileEncoding = 4; lastKnownFileType = sourcecode.c.h; path = "VIKKit+UIKit.h"; sourceTree = "<group>"; };
		020E5AC91AD6A95B00C6342D /* Daily-Info.plist */ = {isa = PBXFileReference; fileEncoding = 4; lastKnownFileType = text.plist.xml; path = "Daily-Info.plist"; sourceTree = "<group>"; };
		020E5ACA1AD6A95B00C6342D /* Daily-Prefix.pch */ = {isa = PBXFileReference; fileEncoding = 4; lastKnownFileType = sourcecode.c.h; path = "Daily-Prefix.pch"; sourceTree = "<group>"; };
		020E5ACB1AD6A95B00C6342D /* main.m */ = {isa = PBXFileReference; fileEncoding = 4; lastKnownFileType = sourcecode.c.objc; path = main.m; sourceTree = "<group>"; };
		020E5ACE1AD6A95B00C6342D /* en */ = {isa = PBXFileReference; lastKnownFileType = text.plist.strings; name = en; path = en.lproj/InfoPlist.strings; sourceTree = "<group>"; };
		020E5ACF1AD6A95B00C6342D /* Images.xcassets */ = {isa = PBXFileReference; lastKnownFileType = folder.assetcatalog; path = Images.xcassets; sourceTree = "<group>"; };
		020E5AD01AD6A95B00C6342D /* LaunchScreen.storyboard */ = {isa = PBXFileReference; fileEncoding = 4; lastKnownFileType = file.storyboard; path = LaunchScreen.storyboard; sourceTree = "<group>"; };
		020E5AD11AD6A95B00C6342D /* Onboard_iPhone.storyboard */ = {isa = PBXFileReference; fileEncoding = 4; lastKnownFileType = file.storyboard; path = Onboard_iPhone.storyboard; sourceTree = "<group>"; };
		020E5AD31AD6A95B00C6342D /* store 2.xcdatamodel */ = {isa = PBXFileReference; lastKnownFileType = wrapper.xcdatamodel; path = "store 2.xcdatamodel"; sourceTree = "<group>"; };
		020E5AD41AD6A95B00C6342D /* store 3.xcdatamodel */ = {isa = PBXFileReference; lastKnownFileType = wrapper.xcdatamodel; path = "store 3.xcdatamodel"; sourceTree = "<group>"; };
		020E5AD51AD6A95B00C6342D /* store 4.xcdatamodel */ = {isa = PBXFileReference; lastKnownFileType = wrapper.xcdatamodel; path = "store 4.xcdatamodel"; sourceTree = "<group>"; };
		020E5AD61AD6A95B00C6342D /* store.xcdatamodel */ = {isa = PBXFileReference; lastKnownFileType = wrapper.xcdatamodel; path = store.xcdatamodel; sourceTree = "<group>"; };
		021903C71AE10BB5007B3E0E /* DetailValue.h */ = {isa = PBXFileReference; fileEncoding = 4; lastKnownFileType = sourcecode.c.h; path = DetailValue.h; sourceTree = "<group>"; };
		021903C81AE10BB5007B3E0E /* DetailValue.m */ = {isa = PBXFileReference; fileEncoding = 4; lastKnownFileType = sourcecode.c.objc; path = DetailValue.m; sourceTree = "<group>"; };
		021903CA1AE14C53007B3E0E /* EditableTimeViewController.h */ = {isa = PBXFileReference; fileEncoding = 4; lastKnownFileType = sourcecode.c.h; path = EditableTimeViewController.h; sourceTree = "<group>"; };
		021903CB1AE14C53007B3E0E /* EditableTimeViewController.m */ = {isa = PBXFileReference; fileEncoding = 4; lastKnownFileType = sourcecode.c.objc; path = EditableTimeViewController.m; sourceTree = "<group>"; };
		021CBD101ADD04B500B00F21 /* EditableTextViewController.h */ = {isa = PBXFileReference; fileEncoding = 4; lastKnownFileType = sourcecode.c.h; path = EditableTextViewController.h; sourceTree = "<group>"; };
		021CBD111ADD04B500B00F21 /* EditableTextViewController.m */ = {isa = PBXFileReference; fileEncoding = 4; lastKnownFileType = sourcecode.c.objc; path = EditableTextViewController.m; sourceTree = "<group>"; };
		0229C5F51AEE44C500861F66 /* NSDictionary+VIKKit.h */ = {isa = PBXFileReference; fileEncoding = 4; lastKnownFileType = sourcecode.c.h; path = "NSDictionary+VIKKit.h"; sourceTree = "<group>"; };
		0229C5F61AEE44C500861F66 /* NSDictionary+VIKKit.m */ = {isa = PBXFileReference; fileEncoding = 4; lastKnownFileType = sourcecode.c.objc; path = "NSDictionary+VIKKit.m"; sourceTree = "<group>"; };
		0229C5F91AEE692A00861F66 /* MTLModel+VIKKit.h */ = {isa = PBXFileReference; fileEncoding = 4; lastKnownFileType = sourcecode.c.h; path = "MTLModel+VIKKit.h"; sourceTree = "<group>"; };
		0229C5FA1AEE692A00861F66 /* MTLModel+VIKKit.m */ = {isa = PBXFileReference; fileEncoding = 4; lastKnownFileType = sourcecode.c.objc; path = "MTLModel+VIKKit.m"; sourceTree = "<group>"; };
		0229C5FD1AEE696600861F66 /* VIKKit+Mantel.h */ = {isa = PBXFileReference; lastKnownFileType = sourcecode.c.h; path = "VIKKit+Mantel.h"; sourceTree = "<group>"; };
		0230CC55199DC6CF004D7713 /* Daily.app */ = {isa = PBXFileReference; explicitFileType = wrapper.application; includeInIndex = 0; path = Daily.app; sourceTree = BUILT_PRODUCTS_DIR; };
		0230CC58199DC6CF004D7713 /* Foundation.framework */ = {isa = PBXFileReference; lastKnownFileType = wrapper.framework; name = Foundation.framework; path = System/Library/Frameworks/Foundation.framework; sourceTree = SDKROOT; };
		0230CC5A199DC6CF004D7713 /* CoreGraphics.framework */ = {isa = PBXFileReference; lastKnownFileType = wrapper.framework; name = CoreGraphics.framework; path = System/Library/Frameworks/CoreGraphics.framework; sourceTree = SDKROOT; };
		0230CC5C199DC6CF004D7713 /* UIKit.framework */ = {isa = PBXFileReference; lastKnownFileType = wrapper.framework; name = UIKit.framework; path = System/Library/Frameworks/UIKit.framework; sourceTree = SDKROOT; };
		0230CC93199DC7BE004D7713 /* EventKit.framework */ = {isa = PBXFileReference; lastKnownFileType = wrapper.framework; name = EventKit.framework; path = System/Library/Frameworks/EventKit.framework; sourceTree = SDKROOT; };
		0230CC94199DC7BE004D7713 /* EventKitUI.framework */ = {isa = PBXFileReference; lastKnownFileType = wrapper.framework; name = EventKitUI.framework; path = System/Library/Frameworks/EventKitUI.framework; sourceTree = SDKROOT; };
		02560F581A138BDE00310F76 /* Podfile */ = {isa = PBXFileReference; fileEncoding = 4; lastKnownFileType = text; path = Podfile; sourceTree = "<group>"; xcLanguageSpecificationIdentifier = xcode.lang.ruby; };
		0265EC321A3074C800334388 /* Crashlytics.framework */ = {isa = PBXFileReference; lastKnownFileType = wrapper.framework; path = Crashlytics.framework; sourceTree = "<group>"; };
		029B22E719A4E0F100CC5EDC /* CoreData.framework */ = {isa = PBXFileReference; lastKnownFileType = wrapper.framework; name = CoreData.framework; path = System/Library/Frameworks/CoreData.framework; sourceTree = SDKROOT; };
		029B22F519A63FC800CC5EDC /* MessageUI.framework */ = {isa = PBXFileReference; lastKnownFileType = wrapper.framework; name = MessageUI.framework; path = System/Library/Frameworks/MessageUI.framework; sourceTree = SDKROOT; };
		02C47C571AE441C400D8A330 /* ListViewController.h */ = {isa = PBXFileReference; fileEncoding = 4; lastKnownFileType = sourcecode.c.h; path = ListViewController.h; sourceTree = "<group>"; };
		02C47C581AE441C400D8A330 /* ListViewController.m */ = {isa = PBXFileReference; fileEncoding = 4; lastKnownFileType = sourcecode.c.objc; path = ListViewController.m; sourceTree = "<group>"; };
		02C47C5E1AE51DE800D8A330 /* .gitkeep */ = {isa = PBXFileReference; fileEncoding = 4; lastKnownFileType = text; path = .gitkeep; sourceTree = "<group>"; };
		02C47C5F1AE51DE800D8A330 /* ArrayChange.h */ = {isa = PBXFileReference; fileEncoding = 4; lastKnownFileType = sourcecode.c.h; path = ArrayChange.h; sourceTree = "<group>"; };
		02C47C601AE51DE800D8A330 /* ArrayChange.m */ = {isa = PBXFileReference; fileEncoding = 4; lastKnownFileType = sourcecode.c.objc; path = ArrayChange.m; sourceTree = "<group>"; };
		02C47C611AE51DE800D8A330 /* NSArray+Changes.h */ = {isa = PBXFileReference; fileEncoding = 4; lastKnownFileType = sourcecode.c.h; path = "NSArray+Changes.h"; sourceTree = "<group>"; };
		02C47C621AE51DE800D8A330 /* NSArray+Changes.m */ = {isa = PBXFileReference; fileEncoding = 4; lastKnownFileType = sourcecode.c.objc; path = "NSArray+Changes.m"; sourceTree = "<group>"; };
		02C47C731AE5935100D8A330 /* UIViewController+VIKKit.h */ = {isa = PBXFileReference; fileEncoding = 4; lastKnownFileType = sourcecode.c.h; path = "UIViewController+VIKKit.h"; sourceTree = "<group>"; };
		02C47C741AE5935100D8A330 /* UIViewController+VIKKit.m */ = {isa = PBXFileReference; fileEncoding = 4; lastKnownFileType = sourcecode.c.objc; path = "UIViewController+VIKKit.m"; sourceTree = "<group>"; };
		02C47C7C1AE714B100D8A330 /* NSNumber+VIKKit.h */ = {isa = PBXFileReference; fileEncoding = 4; lastKnownFileType = sourcecode.c.h; path = "NSNumber+VIKKit.h"; sourceTree = "<group>"; };
		02C47C7D1AE714B100D8A330 /* NSNumber+VIKKit.m */ = {isa = PBXFileReference; fileEncoding = 4; lastKnownFileType = sourcecode.c.objc; path = "NSNumber+VIKKit.m"; sourceTree = "<group>"; };
		C5B66A7B5565A6B90E230991 /* libPods.a */ = {isa = PBXFileReference; explicitFileType = archive.ar; includeInIndex = 0; path = libPods.a; sourceTree = BUILT_PRODUCTS_DIR; };
		D5CB889AE946CE49532F232D /* Pods.release.xcconfig */ = {isa = PBXFileReference; includeInIndex = 1; lastKnownFileType = text.xcconfig; name = Pods.release.xcconfig; path = "Pods/Target Support Files/Pods/Pods.release.xcconfig"; sourceTree = "<group>"; };
		D5D1C979767605F5794B7F2C /* Pods.debug.xcconfig */ = {isa = PBXFileReference; includeInIndex = 1; lastKnownFileType = text.xcconfig; name = Pods.debug.xcconfig; path = "Pods/Target Support Files/Pods/Pods.debug.xcconfig"; sourceTree = "<group>"; };
/* End PBXFileReference section */

/* Begin PBXFrameworksBuildPhase section */
		0230CC52199DC6CF004D7713 /* Frameworks */ = {
			isa = PBXFrameworksBuildPhase;
			buildActionMask = 2147483647;
			files = (
				029B22F619A63FC800CC5EDC /* MessageUI.framework in Frameworks */,
				0265EC331A3074C800334388 /* Crashlytics.framework in Frameworks */,
				029B22E819A4E0F100CC5EDC /* CoreData.framework in Frameworks */,
				0230CC95199DC7BE004D7713 /* EventKit.framework in Frameworks */,
				0230CC96199DC7BE004D7713 /* EventKitUI.framework in Frameworks */,
				0230CC5B199DC6CF004D7713 /* CoreGraphics.framework in Frameworks */,
				0230CC5D199DC6CF004D7713 /* UIKit.framework in Frameworks */,
				0230CC59199DC6CF004D7713 /* Foundation.framework in Frameworks */,
				5570820603D4AC8CDEC33ED5 /* libPods.a in Frameworks */,
			);
			runOnlyForDeploymentPostprocessing = 0;
		};
/* End PBXFrameworksBuildPhase section */

/* Begin PBXGroup section */
		020E5A501AD6A95B00C6342D /* Daily */ = {
			isa = PBXGroup;
			children = (
				020E5A511AD6A95B00C6342D /* Classes */,
				020E5AA11AD6A95B00C6342D /* Libs */,
				020E5AC81AD6A95B00C6342D /* Other */,
				020E5ACC1AD6A95B00C6342D /* Resources */,
			);
			path = Daily;
			sourceTree = "<group>";
		};
		020E5A511AD6A95B00C6342D /* Classes */ = {
			isa = PBXGroup;
			children = (
				020E5A521AD6A95B00C6342D /* _Refactor_ */,
				020E5A741AD6A95B00C6342D /* Services */,
				020E5A661AD6A95B00C6342D /* Categories */,
				020E5A911AD6A95B00C6342D /* Models */,
				0229C5F81AEE5F4700861F66 /* View Models */,
				020E5A801AD6A95B00C6342D /* View Controllers */,
				020E5A941AD6A95B00C6342D /* Views */,
			);
			path = Classes;
			sourceTree = "<group>";
		};
		020E5A521AD6A95B00C6342D /* _Refactor_ */ = {
			isa = PBXGroup;
			children = (
				020E5A531AD6A95B00C6342D /* Calendar+VFDaily.h */,
				020E5A541AD6A95B00C6342D /* Calendar+VFDaily.m */,
				020E5A551AD6A95B00C6342D /* Calendar.h */,
				020E5A561AD6A95B00C6342D /* Calendar.m */,
				020E5A571AD6A95B00C6342D /* EKCalendar+VFDaily.h */,
				020E5A581AD6A95B00C6342D /* EKCalendar+VFDaily.m */,
			);
			path = _Refactor_;
			sourceTree = "<group>";
		};
		020E5A5C1AD6A95B00C6342D /* API */ = {
			isa = PBXGroup;
			children = (
				020E5A621AD6A95B00C6342D /* TodoEventAPI.h */,
				020E5A631AD6A95B00C6342D /* TodoEventAPI.m */,
			);
			name = API;
			path = ../API;
			sourceTree = "<group>";
		};
		020E5A661AD6A95B00C6342D /* Categories */ = {
			isa = PBXGroup;
			children = (
				020E5A671AD6A95B00C6342D /* NSDateFormatter+Extended.h */,
				020E5A681AD6A95B00C6342D /* NSDateFormatter+Extended.m */,
				020E5A691AD6A95B00C6342D /* NSUserDefaults+DLY.h */,
				020E5A6A1AD6A95B00C6342D /* NSUserDefaults+DLY.m */,
				020E5A6B1AD6A95B00C6342D /* UIAlertController+DeleteTodoEvent.h */,
				020E5A6C1AD6A95B00C6342D /* UIAlertController+DeleteTodoEvent.m */,
				020E5A6D1AD6A95B00C6342D /* UIImage+Tint.h */,
				020E5A6E1AD6A95B00C6342D /* UIImage+Tint.m */,
			);
			path = Categories;
			sourceTree = "<group>";
		};
		020E5A741AD6A95B00C6342D /* Services */ = {
			isa = PBXGroup;
			children = (
				020E5A751AD6A95B00C6342D /* CrashlyticsService.h */,
				020E5A761AD6A95B00C6342D /* CrashlyticsService.m */,
				020E5A771AD6A95B00C6342D /* MagicalRecordService.h */,
				020E5A781AD6A95B00C6342D /* MagicalRecordService.m */,
				020E5A791AD6A95B00C6342D /* MigrationService.h */,
				020E5A7A1AD6A95B00C6342D /* MigrationService.m */,
				020E5A7B1AD6A95B00C6342D /* UserDefaultsService.h */,
				020E5A7C1AD6A95B00C6342D /* UserDefaultsService.m */,
			);
			path = Services;
			sourceTree = "<group>";
		};
		020E5A801AD6A95B00C6342D /* View Controllers */ = {
			isa = PBXGroup;
			children = (
				020E5A641AD6A95B00C6342D /* AppDelegate.h */,
				020E5A651AD6A95B00C6342D /* AppDelegate.m */,
				020E5A831AD6A95B00C6342D /* ApplicationViewController.h */,
				020E5A841AD6A95B00C6342D /* ApplicationViewController.m */,
				020E5A891AD6A95B00C6342D /* MainViewController.h */,
				020E5A8A1AD6A95B00C6342D /* MainViewController.m */,
				02C47C571AE441C400D8A330 /* ListViewController.h */,
				02C47C581AE441C400D8A330 /* ListViewController.m */,
				021CBD101ADD04B500B00F21 /* EditableTextViewController.h */,
				021CBD111ADD04B500B00F21 /* EditableTextViewController.m */,
				021903CA1AE14C53007B3E0E /* EditableTimeViewController.h */,
				021903CB1AE14C53007B3E0E /* EditableTimeViewController.m */,
				020E5A811AD6A95B00C6342D /* AddViewController.h */,
				020E5A821AD6A95B00C6342D /* AddViewController.m */,
				020E5A851AD6A95B00C6342D /* DetailViewController.h */,
				020E5A861AD6A95B00C6342D /* DetailViewController.m */,
				020E5A8B1AD6A95B00C6342D /* SettingsViewController.h */,
				020E5A8C1AD6A95B00C6342D /* SettingsViewController.m */,
				020E5A8D1AD6A95B00C6342D /* SignupViewController.h */,
				020E5A8E1AD6A95B00C6342D /* SignupViewController.m */,
			);
			path = "View Controllers";
			sourceTree = "<group>";
		};
		020E5A911AD6A95B00C6342D /* Models */ = {
			isa = PBXGroup;
			children = (
				020E5A5C1AD6A95B00C6342D /* API */,
				02C47C7F1AE9069700D8A330 /* CoreData */,
				020E5A721AD6A95B00C6342D /* TodoEvent.h */,
				020E5A731AD6A95B00C6342D /* TodoEvent.m */,
				021903C71AE10BB5007B3E0E /* DetailValue.h */,
				021903C81AE10BB5007B3E0E /* DetailValue.m */,
			);
			name = Models;
			path = "View Models";
			sourceTree = "<group>";
		};
		020E5A941AD6A95B00C6342D /* Views */ = {
			isa = PBXGroup;
			children = (
				020E5A951AD6A95B00C6342D /* DateHeaderView.h */,
				020E5A961AD6A95B00C6342D /* DateHeaderView.m */,
				020E5A971AD6A95B00C6342D /* DetailTableViewCell.h */,
				020E5A981AD6A95B00C6342D /* DetailTableViewCell.m */,
				020E5A991AD6A95B00C6342D /* FloatingButton.h */,
				020E5A9A1AD6A95B00C6342D /* FloatingButton.m */,
				020E5A9D1AD6A95B00C6342D /* TextFieldTableViewCell.h */,
				020E5A9E1AD6A95B00C6342D /* TextFieldTableViewCell.m */,
				020E5A9F1AD6A95B00C6342D /* TodoEventTableViewCell.h */,
				020E5AA01AD6A95B00C6342D /* TodoEventTableViewCell.m */,
			);
			path = Views;
			sourceTree = "<group>";
		};
		020E5AA11AD6A95B00C6342D /* Libs */ = {
			isa = PBXGroup;
			children = (
				02C47C5D1AE51DE800D8A330 /* VIKDiffController */,
				021903C61AE076B1007B3E0E /* LSWeekView */,
				020E5AB11AD6A95B00C6342D /* VIKKit */,
			);
			path = Libs;
			sourceTree = "<group>";
		};
		020E5AB11AD6A95B00C6342D /* VIKKit */ = {
			isa = PBXGroup;
			children = (
				020E5AB21AD6A95B00C6342D /* Foundation */,
				0229C5FC1AEE693000861F66 /* Mantel */,
				020E5ABB1AD6A95B00C6342D /* MagicalRecord */,
				020E5ABE1AD6A95B00C6342D /* UIKit */,
				020E5AC51AD6A95B00C6342D /* VIKKit+Foundation.h */,
				020E5AC61AD6A95B00C6342D /* VIKKit+MagicalRecord.h */,
				020E5AC71AD6A95B00C6342D /* VIKKit+UIKit.h */,
				0229C5FD1AEE696600861F66 /* VIKKit+Mantel.h */,
			);
			path = VIKKit;
			sourceTree = "<group>";
		};
		020E5AB21AD6A95B00C6342D /* Foundation */ = {
			isa = PBXGroup;
			children = (
				020E5AB31AD6A95B00C6342D /* NSArray+VIKKit.h */,
				020E5AB41AD6A95B00C6342D /* NSArray+VIKKit.m */,
				020E5AB51AD6A95B00C6342D /* NSDate+VIKKit.h */,
				020E5AB61AD6A95B00C6342D /* NSDate+VIKKit.m */,
				020E5AB71AD6A95B00C6342D /* NSString+VIKKit.h */,
				020E5AB81AD6A95B00C6342D /* NSString+VIKKit.m */,
				020E5AB91AD6A95B00C6342D /* UIColor+VIKKit.h */,
				020E5ABA1AD6A95B00C6342D /* UIColor+VIKKit.m */,
				02C47C7C1AE714B100D8A330 /* NSNumber+VIKKit.h */,
				02C47C7D1AE714B100D8A330 /* NSNumber+VIKKit.m */,
				0229C5F51AEE44C500861F66 /* NSDictionary+VIKKit.h */,
				0229C5F61AEE44C500861F66 /* NSDictionary+VIKKit.m */,
			);
			path = Foundation;
			sourceTree = "<group>";
		};
		020E5ABB1AD6A95B00C6342D /* MagicalRecord */ = {
			isa = PBXGroup;
			children = (
				020E5ABC1AD6A95B00C6342D /* NSManagedObject+VIKKit.h */,
				020E5ABD1AD6A95B00C6342D /* NSManagedObject+VIKKit.m */,
			);
			path = MagicalRecord;
			sourceTree = "<group>";
		};
		020E5ABE1AD6A95B00C6342D /* UIKit */ = {
			isa = PBXGroup;
			children = (
				020E5ABF1AD6A95B00C6342D /* UIImageView+VIKKit.h */,
				020E5AC01AD6A95B00C6342D /* UIImageView+VIKKit.m */,
				020E5AC11AD6A95B00C6342D /* UITableViewController+VIKKit.h */,
				020E5AC21AD6A95B00C6342D /* UITableViewController+VIKKit.m */,
				020E5AC31AD6A95B00C6342D /* UIView+VIKKit.h */,
				020E5AC41AD6A95B00C6342D /* UIView+VIKKit.m */,
				02C47C731AE5935100D8A330 /* UIViewController+VIKKit.h */,
				02C47C741AE5935100D8A330 /* UIViewController+VIKKit.m */,
			);
			path = UIKit;
			sourceTree = "<group>";
		};
		020E5AC81AD6A95B00C6342D /* Other */ = {
			isa = PBXGroup;
			children = (
				020E5AC91AD6A95B00C6342D /* Daily-Info.plist */,
				020E5ACA1AD6A95B00C6342D /* Daily-Prefix.pch */,
				020E5ACB1AD6A95B00C6342D /* main.m */,
			);
			path = Other;
			sourceTree = "<group>";
		};
		020E5ACC1AD6A95B00C6342D /* Resources */ = {
			isa = PBXGroup;
			children = (
				020E5ACD1AD6A95B00C6342D /* InfoPlist.strings */,
				020E5ACF1AD6A95B00C6342D /* Images.xcassets */,
				020E5AD01AD6A95B00C6342D /* LaunchScreen.storyboard */,
				020E5AD11AD6A95B00C6342D /* Onboard_iPhone.storyboard */,
				020E5AD21AD6A95B00C6342D /* store.xcdatamodeld */,
			);
			path = Resources;
			sourceTree = "<group>";
		};
		021903C61AE076B1007B3E0E /* LSWeekView */ = {
			isa = PBXGroup;
			children = (
				020E5A9B1AD6A95B00C6342D /* LSWeekView.h */,
				020E5A9C1AD6A95B00C6342D /* LSWeekView.m */,
			);
			name = LSWeekView;
			path = ../Classes/Views;
			sourceTree = "<group>";
		};
		0229C5F81AEE5F4700861F66 /* View Models */ = {
			isa = PBXGroup;
			children = (
				020E5A921AD6A95B00C6342D /* TodoEventViewModel.h */,
				020E5A931AD6A95B00C6342D /* TodoEventViewModel.m */,
			);
			name = "View Models";
			sourceTree = "<group>";
		};
		0229C5FC1AEE693000861F66 /* Mantel */ = {
			isa = PBXGroup;
			children = (
				0229C5F91AEE692A00861F66 /* MTLModel+VIKKit.h */,
				0229C5FA1AEE692A00861F66 /* MTLModel+VIKKit.m */,
			);
			name = Mantel;
			sourceTree = "<group>";
		};
		0230CC4C199DC6CF004D7713 = {
			isa = PBXGroup;
			children = (
				02560F581A138BDE00310F76 /* Podfile */,
				020E5A501AD6A95B00C6342D /* Daily */,
				0230CC57199DC6CF004D7713 /* Frameworks */,
				0230CC56199DC6CF004D7713 /* Products */,
				661C8ADA6E1D3927DFEB63B2 /* Pods */,
			);
			sourceTree = "<group>";
		};
		0230CC56199DC6CF004D7713 /* Products */ = {
			isa = PBXGroup;
			children = (
				0230CC55199DC6CF004D7713 /* Daily.app */,
			);
			name = Products;
			sourceTree = "<group>";
		};
		0230CC57199DC6CF004D7713 /* Frameworks */ = {
			isa = PBXGroup;
			children = (
				0265EC321A3074C800334388 /* Crashlytics.framework */,
				029B22F519A63FC800CC5EDC /* MessageUI.framework */,
				029B22E719A4E0F100CC5EDC /* CoreData.framework */,
				0230CC93199DC7BE004D7713 /* EventKit.framework */,
				0230CC94199DC7BE004D7713 /* EventKitUI.framework */,
				0230CC58199DC6CF004D7713 /* Foundation.framework */,
				0230CC5A199DC6CF004D7713 /* CoreGraphics.framework */,
				0230CC5C199DC6CF004D7713 /* UIKit.framework */,
				C5B66A7B5565A6B90E230991 /* libPods.a */,
			);
			name = Frameworks;
			sourceTree = "<group>";
		};
		02C47C5D1AE51DE800D8A330 /* VIKDiffController */ = {
			isa = PBXGroup;
			children = (
				02C47C5E1AE51DE800D8A330 /* .gitkeep */,
				02C47C5F1AE51DE800D8A330 /* ArrayChange.h */,
				02C47C601AE51DE800D8A330 /* ArrayChange.m */,
				02C47C611AE51DE800D8A330 /* NSArray+Changes.h */,
				02C47C621AE51DE800D8A330 /* NSArray+Changes.m */,
			);
			name = VIKDiffController;
			path = ../../../../../Code/Pods/VIKDiffController/Pod/Classes;
			sourceTree = "<group>";
		};
		02C47C7F1AE9069700D8A330 /* CoreData */ = {
			isa = PBXGroup;
			children = (
				020E5A601AD6A95B00C6342D /* Todo.h */,
				020E5A611AD6A95B00C6342D /* Todo.m */,
				020E5A5E1AD6A95B00C6342D /* Todo+Extended.h */,
				020E5A5F1AD6A95B00C6342D /* Todo+Extended.m */,
			);
			name = CoreData;
			sourceTree = "<group>";
		};
		661C8ADA6E1D3927DFEB63B2 /* Pods */ = {
			isa = PBXGroup;
			children = (
				D5D1C979767605F5794B7F2C /* Pods.debug.xcconfig */,
				D5CB889AE946CE49532F232D /* Pods.release.xcconfig */,
			);
			name = Pods;
			sourceTree = "<group>";
		};
/* End PBXGroup section */

/* Begin PBXNativeTarget section */
		0230CC54199DC6CF004D7713 /* Daily */ = {
			isa = PBXNativeTarget;
			buildConfigurationList = 0230CC8D199DC6D0004D7713 /* Build configuration list for PBXNativeTarget "Daily" */;
			buildPhases = (
				F37932552F5C2417410D68E6 /* Check Pods Manifest.lock */,
				0230CC51199DC6CF004D7713 /* Sources */,
				0230CC52199DC6CF004D7713 /* Frameworks */,
				0230CC53199DC6CF004D7713 /* Resources */,
				AEC59A074B2F3E71A8E8D924 /* Copy Pods Resources */,
				0265EC311A30747100334388 /* ShellScript */,
				025007671A418DDC004510F5 /* ShellScript */,
				02259DCF1AA5DE9F00EF0BD8 /* ShellScript */,
			);
			buildRules = (
			);
			dependencies = (
			);
			name = Daily;
			productName = Prune;
			productReference = 0230CC55199DC6CF004D7713 /* Daily.app */;
			productType = "com.apple.product-type.application";
		};
/* End PBXNativeTarget section */

/* Begin PBXProject section */
		0230CC4D199DC6CF004D7713 /* Project object */ = {
			isa = PBXProject;
			attributes = {
				CLASSPREFIX = VIK;
				LastUpgradeCheck = 0510;
				ORGANIZATIONNAME = "___FULLUSERNAME___";
				TargetAttributes = {
					0230CC54199DC6CF004D7713 = {
						DevelopmentTeam = AK5J2E27DK;
						SystemCapabilities = {
							com.apple.BackgroundModes = {
								enabled = 1;
							};
							com.apple.iCloud = {
								enabled = 0;
							};
						};
					};
				};
			};
			buildConfigurationList = 0230CC50199DC6CF004D7713 /* Build configuration list for PBXProject "Daily" */;
			compatibilityVersion = "Xcode 3.2";
			developmentRegion = English;
			hasScannedForEncodings = 0;
			knownRegions = (
				en,
				Base,
			);
			mainGroup = 0230CC4C199DC6CF004D7713;
			productRefGroup = 0230CC56199DC6CF004D7713 /* Products */;
			projectDirPath = "";
			projectRoot = "";
			targets = (
				0230CC54199DC6CF004D7713 /* Daily */,
			);
		};
/* End PBXProject section */

/* Begin PBXResourcesBuildPhase section */
		0230CC53199DC6CF004D7713 /* Resources */ = {
			isa = PBXResourcesBuildPhase;
			buildActionMask = 2147483647;
			files = (
				020E5B091AD6A95B00C6342D /* Images.xcassets in Resources */,
				020E5B0A1AD6A95B00C6342D /* LaunchScreen.storyboard in Resources */,
				02C47C651AE51DE800D8A330 /* .gitkeep in Resources */,
				020E5B0B1AD6A95B00C6342D /* Onboard_iPhone.storyboard in Resources */,
				020E5B081AD6A95B00C6342D /* InfoPlist.strings in Resources */,
			);
			runOnlyForDeploymentPostprocessing = 0;
		};
/* End PBXResourcesBuildPhase section */

/* Begin PBXShellScriptBuildPhase section */
		02259DCF1AA5DE9F00EF0BD8 /* ShellScript */ = {
			isa = PBXShellScriptBuildPhase;
			buildActionMask = 2147483647;
			files = (
			);
			inputPaths = (
			);
			outputPaths = (
			);
			runOnlyForDeploymentPostprocessing = 0;
			shellPath = /bin/sh;
			shellScript = "find \"${SRCROOT}\" \\( -name \"*.h\" -or -name \"*.m\" \\) -and \\( -path \"${SRCROOT}/Pods/*\" -prune -o -print0 \\) | xargs -0 wc -l | awk '$1 > 250 && $2 != \"total\" {for(i=2;i<NF;i++){printf \"%s%s\", $i, \" \"} print $NF \":1: warning: File more than 250 lines (\" $1 \"), consider refactoring.\" }'\n";
		};
		025007671A418DDC004510F5 /* ShellScript */ = {
			isa = PBXShellScriptBuildPhase;
			buildActionMask = 2147483647;
			files = (
			);
			inputPaths = (
			);
			outputPaths = (
			);
			runOnlyForDeploymentPostprocessing = 0;
			shellPath = /bin/sh;
			shellScript = "KEYWORDS=\"TODO:|FIXME:|\\?\\?\\?:|\\!\\!\\!:\"\nfind \"${SRCROOT}\" \\( -name \"*.h\" -or -name \"*.m\" \\) -print0 | xargs -0 egrep --with-filename --line-number --only-matching \"($KEYWORDS).*\\$\" | perl -p -e \"s/($KEYWORDS)/ warning: \\$1/\"";
		};
		0265EC311A30747100334388 /* ShellScript */ = {
			isa = PBXShellScriptBuildPhase;
			buildActionMask = 2147483647;
			files = (
			);
			inputPaths = (
			);
			outputPaths = (
			);
			runOnlyForDeploymentPostprocessing = 0;
			shellPath = /bin/sh;
			shellScript = "./Crashlytics.framework/run fb76caedaff89b29a1a7205381ace5d25c832964 c9e5eadd9e6d92d95ecc87296e306296903fd43c0bc9a8575c167373196b022e";
		};
		AEC59A074B2F3E71A8E8D924 /* Copy Pods Resources */ = {
			isa = PBXShellScriptBuildPhase;
			buildActionMask = 2147483647;
			files = (
			);
			inputPaths = (
			);
			name = "Copy Pods Resources";
			outputPaths = (
			);
			runOnlyForDeploymentPostprocessing = 0;
			shellPath = /bin/sh;
			shellScript = "\"${SRCROOT}/Pods/Target Support Files/Pods/Pods-resources.sh\"\n";
			showEnvVarsInLog = 0;
		};
		F37932552F5C2417410D68E6 /* Check Pods Manifest.lock */ = {
			isa = PBXShellScriptBuildPhase;
			buildActionMask = 2147483647;
			files = (
			);
			inputPaths = (
			);
			name = "Check Pods Manifest.lock";
			outputPaths = (
			);
			runOnlyForDeploymentPostprocessing = 0;
			shellPath = /bin/sh;
			shellScript = "diff \"${PODS_ROOT}/../Podfile.lock\" \"${PODS_ROOT}/Manifest.lock\" > /dev/null\nif [[ $? != 0 ]] ; then\n    cat << EOM\nerror: The sandbox is not in sync with the Podfile.lock. Run 'pod install' or update your CocoaPods installation.\nEOM\n    exit 1\nfi\n";
			showEnvVarsInLog = 0;
		};
/* End PBXShellScriptBuildPhase section */

/* Begin PBXSourcesBuildPhase section */
		0230CC51199DC6CF004D7713 /* Sources */ = {
			isa = PBXSourcesBuildPhase;
			buildActionMask = 2147483647;
			files = (
				020E5AF31AD6A95B00C6342D /* DateHeaderView.m in Sources */,
				020E5AE21AD6A95B00C6342D /* UIImage+Tint.m in Sources */,
				020E5AF81AD6A95B00C6342D /* TodoEventTableViewCell.m in Sources */,
				020E5AD91AD6A95B00C6342D /* EKCalendar+VFDaily.m in Sources */,
				020E5AE01AD6A95B00C6342D /* NSUserDefaults+DLY.m in Sources */,
				0229C5F71AEE44C500861F66 /* NSDictionary+VIKKit.m in Sources */,
				020E5B011AD6A95B00C6342D /* UIColor+VIKKit.m in Sources */,
				020E5ADC1AD6A95B00C6342D /* Todo.m in Sources */,
				020E5B001AD6A95B00C6342D /* NSString+VIKKit.m in Sources */,
				02C47C661AE51DE800D8A330 /* ArrayChange.m in Sources */,
				020E5AF41AD6A95B00C6342D /* DetailTableViewCell.m in Sources */,
				020E5AD71AD6A95B00C6342D /* Calendar+VFDaily.m in Sources */,
				020E5AE81AD6A95B00C6342D /* UserDefaultsService.m in Sources */,
				021CBD121ADD04B500B00F21 /* EditableTextViewController.m in Sources */,
				020E5AEC1AD6A95B00C6342D /* DetailViewController.m in Sources */,
				020E5AE11AD6A95B00C6342D /* UIAlertController+DeleteTodoEvent.m in Sources */,
				021903CC1AE14C53007B3E0E /* EditableTimeViewController.m in Sources */,
				020E5AF61AD6A95B00C6342D /* LSWeekView.m in Sources */,
				020E5AF21AD6A95B00C6342D /* TodoEventViewModel.m in Sources */,
				020E5AE71AD6A95B00C6342D /* MigrationService.m in Sources */,
				02C47C591AE441C400D8A330 /* ListViewController.m in Sources */,
				020E5B071AD6A95B00C6342D /* main.m in Sources */,
				020E5AFF1AD6A95B00C6342D /* NSDate+VIKKit.m in Sources */,
				020E5B0C1AD6A95B00C6342D /* store.xcdatamodeld in Sources */,
				020E5AEB1AD6A95B00C6342D /* ApplicationViewController.m in Sources */,
				020E5AF71AD6A95B00C6342D /* TextFieldTableViewCell.m in Sources */,
				020E5ADF1AD6A95B00C6342D /* NSDateFormatter+Extended.m in Sources */,
				020E5AEA1AD6A95B00C6342D /* AddViewController.m in Sources */,
				020E5ADB1AD6A95B00C6342D /* Todo+Extended.m in Sources */,
				020E5B041AD6A95B00C6342D /* UITableViewController+VIKKit.m in Sources */,
				020E5ADE1AD6A95B00C6342D /* AppDelegate.m in Sources */,
				020E5B031AD6A95B00C6342D /* UIImageView+VIKKit.m in Sources */,
				02C47C7E1AE714B100D8A330 /* NSNumber+VIKKit.m in Sources */,
				020E5AF01AD6A95B00C6342D /* SignupViewController.m in Sources */,
				02C47C751AE5935100D8A330 /* UIViewController+VIKKit.m in Sources */,
				020E5AE51AD6A95B00C6342D /* CrashlyticsService.m in Sources */,
				0229C5FB1AEE692A00861F66 /* MTLModel+VIKKit.m in Sources */,
				020E5AEE1AD6A95B00C6342D /* MainViewController.m in Sources */,
				020E5AFE1AD6A95B00C6342D /* NSArray+VIKKit.m in Sources */,
				020E5AD81AD6A95B00C6342D /* Calendar.m in Sources */,
				020E5B021AD6A95B00C6342D /* NSManagedObject+VIKKit.m in Sources */,
				020E5B051AD6A95B00C6342D /* UIView+VIKKit.m in Sources */,
				020E5ADD1AD6A95B00C6342D /* TodoEventAPI.m in Sources */,
				021903C91AE10BB5007B3E0E /* DetailValue.m in Sources */,
				020E5AEF1AD6A95B00C6342D /* SettingsViewController.m in Sources */,
				020E5AE41AD6A95B00C6342D /* TodoEvent.m in Sources */,
				020E5AE61AD6A95B00C6342D /* MagicalRecordService.m in Sources */,
				02C47C671AE51DE800D8A330 /* NSArray+Changes.m in Sources */,
				020E5AF51AD6A95B00C6342D /* FloatingButton.m in Sources */,
			);
			runOnlyForDeploymentPostprocessing = 0;
		};
/* End PBXSourcesBuildPhase section */

/* Begin PBXVariantGroup section */
		020E5ACD1AD6A95B00C6342D /* InfoPlist.strings */ = {
			isa = PBXVariantGroup;
			children = (
				020E5ACE1AD6A95B00C6342D /* en */,
			);
			name = InfoPlist.strings;
			sourceTree = "<group>";
		};
/* End PBXVariantGroup section */

/* Begin XCBuildConfiguration section */
		0230CC8B199DC6D0004D7713 /* Debug */ = {
			isa = XCBuildConfiguration;
			buildSettings = {
				ALWAYS_SEARCH_USER_PATHS = NO;
				CLANG_CXX_LANGUAGE_STANDARD = "gnu++0x";
				CLANG_CXX_LIBRARY = "libc++";
				CLANG_ENABLE_MODULES = YES;
				CLANG_ENABLE_OBJC_ARC = YES;
				CLANG_WARN_BOOL_CONVERSION = YES;
				CLANG_WARN_CONSTANT_CONVERSION = YES;
				CLANG_WARN_DIRECT_OBJC_ISA_USAGE = YES_ERROR;
				CLANG_WARN_EMPTY_BODY = YES;
				CLANG_WARN_ENUM_CONVERSION = YES;
				CLANG_WARN_INT_CONVERSION = YES;
				CLANG_WARN_OBJC_ROOT_CLASS = YES_ERROR;
				CLANG_WARN__DUPLICATE_METHOD_MATCH = YES;
				"CODE_SIGN_IDENTITY[sdk=iphoneos*]" = "iPhone Developer";
				COPY_PHASE_STRIP = NO;
				GCC_C_LANGUAGE_STANDARD = gnu99;
				GCC_DYNAMIC_NO_PIC = NO;
				GCC_OPTIMIZATION_LEVEL = 0;
				GCC_PREPROCESSOR_DEFINITIONS = (
					"DEBUG=1",
					"$(inherited)",
				);
				GCC_SYMBOLS_PRIVATE_EXTERN = NO;
				GCC_WARN_64_TO_32_BIT_CONVERSION = YES;
				GCC_WARN_ABOUT_RETURN_TYPE = YES_ERROR;
				GCC_WARN_UNDECLARED_SELECTOR = YES;
				GCC_WARN_UNINITIALIZED_AUTOS = YES_AGGRESSIVE;
				GCC_WARN_UNUSED_FUNCTION = YES;
				GCC_WARN_UNUSED_VARIABLE = YES;
				IPHONEOS_DEPLOYMENT_TARGET = 7.1;
				ONLY_ACTIVE_ARCH = YES;
				SDKROOT = iphoneos;
				TARGETED_DEVICE_FAMILY = "1,2";
			};
			name = Debug;
		};
		0230CC8C199DC6D0004D7713 /* Release */ = {
			isa = XCBuildConfiguration;
			buildSettings = {
				ALWAYS_SEARCH_USER_PATHS = NO;
				CLANG_CXX_LANGUAGE_STANDARD = "gnu++0x";
				CLANG_CXX_LIBRARY = "libc++";
				CLANG_ENABLE_MODULES = YES;
				CLANG_ENABLE_OBJC_ARC = YES;
				CLANG_WARN_BOOL_CONVERSION = YES;
				CLANG_WARN_CONSTANT_CONVERSION = YES;
				CLANG_WARN_DIRECT_OBJC_ISA_USAGE = YES_ERROR;
				CLANG_WARN_EMPTY_BODY = YES;
				CLANG_WARN_ENUM_CONVERSION = YES;
				CLANG_WARN_INT_CONVERSION = YES;
				CLANG_WARN_OBJC_ROOT_CLASS = YES_ERROR;
				CLANG_WARN__DUPLICATE_METHOD_MATCH = YES;
				"CODE_SIGN_IDENTITY[sdk=iphoneos*]" = "iPhone Developer";
				COPY_PHASE_STRIP = YES;
				ENABLE_NS_ASSERTIONS = NO;
				GCC_C_LANGUAGE_STANDARD = gnu99;
				GCC_WARN_64_TO_32_BIT_CONVERSION = YES;
				GCC_WARN_ABOUT_RETURN_TYPE = YES_ERROR;
				GCC_WARN_UNDECLARED_SELECTOR = YES;
				GCC_WARN_UNINITIALIZED_AUTOS = YES_AGGRESSIVE;
				GCC_WARN_UNUSED_FUNCTION = YES;
				GCC_WARN_UNUSED_VARIABLE = YES;
				IPHONEOS_DEPLOYMENT_TARGET = 7.1;
				SDKROOT = iphoneos;
				TARGETED_DEVICE_FAMILY = "1,2";
				VALIDATE_PRODUCT = YES;
			};
			name = Release;
		};
		0230CC8E199DC6D0004D7713 /* Debug */ = {
			isa = XCBuildConfiguration;
			baseConfigurationReference = D5D1C979767605F5794B7F2C /* Pods.debug.xcconfig */;
			buildSettings = {
				ASSETCATALOG_COMPILER_APPICON_NAME = AppIcon;
				CODE_SIGN_IDENTITY = "iPhone Developer";
				"CODE_SIGN_IDENTITY[sdk=iphoneos*]" = "iPhone Developer";
				FRAMEWORK_SEARCH_PATHS = (
					"$(inherited)",
					"$(PROJECT_DIR)",
				);
				GCC_PRECOMPILE_PREFIX_HEADER = YES;
				GCC_PREFIX_HEADER = "Daily/Other/Daily-Prefix.pch";
				INFOPLIST_FILE = "Daily/Other/Daily-Info.plist";
				IPHONEOS_DEPLOYMENT_TARGET = 8.0;
				PRODUCT_NAME = Daily;
				PROVISIONING_PROFILE = "";
				TARGETED_DEVICE_FAMILY = 1;
				WRAPPER_EXTENSION = app;
			};
			name = Debug;
		};
		0230CC8F199DC6D0004D7713 /* Release */ = {
			isa = XCBuildConfiguration;
			baseConfigurationReference = D5CB889AE946CE49532F232D /* Pods.release.xcconfig */;
			buildSettings = {
				ASSETCATALOG_COMPILER_APPICON_NAME = AppIcon;
				CODE_SIGN_IDENTITY = "iPhone Developer";
				"CODE_SIGN_IDENTITY[sdk=iphoneos*]" = "iPhone Developer";
				FRAMEWORK_SEARCH_PATHS = (
					"$(inherited)",
					"$(PROJECT_DIR)",
				);
				GCC_PRECOMPILE_PREFIX_HEADER = YES;
				GCC_PREFIX_HEADER = "Daily/Other/Daily-Prefix.pch";
				INFOPLIST_FILE = "Daily/Other/Daily-Info.plist";
				IPHONEOS_DEPLOYMENT_TARGET = 8.0;
				PRODUCT_NAME = Daily;
				PROVISIONING_PROFILE = "";
				TARGETED_DEVICE_FAMILY = 1;
				WRAPPER_EXTENSION = app;
			};
			name = Release;
		};
/* End XCBuildConfiguration section */

/* Begin XCConfigurationList section */
		0230CC50199DC6CF004D7713 /* Build configuration list for PBXProject "Daily" */ = {
			isa = XCConfigurationList;
			buildConfigurations = (
				0230CC8B199DC6D0004D7713 /* Debug */,
				0230CC8C199DC6D0004D7713 /* Release */,
			);
			defaultConfigurationIsVisible = 0;
			defaultConfigurationName = Release;
		};
		0230CC8D199DC6D0004D7713 /* Build configuration list for PBXNativeTarget "Daily" */ = {
			isa = XCConfigurationList;
			buildConfigurations = (
				0230CC8E199DC6D0004D7713 /* Debug */,
				0230CC8F199DC6D0004D7713 /* Release */,
			);
			defaultConfigurationIsVisible = 0;
			defaultConfigurationName = Release;
		};
/* End XCConfigurationList section */

/* Begin XCVersionGroup section */
		020E5AD21AD6A95B00C6342D /* store.xcdatamodeld */ = {
			isa = XCVersionGroup;
			children = (
				020E5AD31AD6A95B00C6342D /* store 2.xcdatamodel */,
				020E5AD41AD6A95B00C6342D /* store 3.xcdatamodel */,
				020E5AD51AD6A95B00C6342D /* store 4.xcdatamodel */,
				020E5AD61AD6A95B00C6342D /* store.xcdatamodel */,
			);
			currentVersion = 020E5AD31AD6A95B00C6342D /* store 2.xcdatamodel */;
			path = store.xcdatamodeld;
			sourceTree = "<group>";
			versionGroupType = wrapper.xcdatamodel;
		};
/* End XCVersionGroup section */
	};
	rootObject = 0230CC4D199DC6CF004D7713 /* Project object */;
}
